
Microsoft Visual Studio Solution File, Format Version 12.00
# Visual Studio 15
VisualStudioVersion = 15.0.27428.2043
MinimumVisualStudioVersion = 10.0.40219.1
Project("{FAE04EC0-301F-11D3-BF4B-00C04F79EFBC}") = "パスワード管理ソフト", "パスワード管理ソフト.csproj", "{ACB24CCA-F474-4284-B23A-88AF8F9A16CF}"
EndProject
Global
	GlobalSection(SolutionConfigurationPlatforms) = preSolution
		Debug|Any CPU = Debug|Any CPU
		Release|Any CPU = Release|Any CPU
	EndGlobalSection
	GlobalSection(ProjectConfigurationPlatforms) = postSolution
		{ACB24CCA-F474-4284-B23A-88AF8F9A16CF}.Debug|Any CPU.ActiveCfg = Debug|Any CPU
		{ACB24CCA-F474-4284-B23A-88AF8F9A16CF}.Debug|Any CPU.Build.0 = Debug|Any CPU
		{ACB24CCA-F474-4284-B23A-88AF8F9A16CF}.Release|Any CPU.ActiveCfg = Release|Any CPU
		{ACB24CCA-F474-4284-B23A-88AF8F9A16CF}.Release|Any CPU.Build.0 = Release|Any CPU
	EndGlobalSection
	GlobalSection(SolutionProperties) = preSolution
		HideSolutionNode = FALSE
	EndGlobalSection
	GlobalSection(ExtensibilityGlobals) = postSolution
		SolutionGuid = {DA20CBFC-B523-4A93-BDDC-0C3BDFD862BA}
	EndGlobalSection
EndGlobal
